// !$*UTF8*$!
{
	archiveVersion = 1;
	classes = {
	};
	objectVersion = 46;
	objects = {

/* Begin PBXBuildFile section */
		5503516D2164583100616120 /* ScreenCapturer.m in Sources */ = {isa = PBXBuildFile; fileRef = 5503516C2164583100616120 /* ScreenCapturer.m */; };
		550351732165A17300616120 /* WindowContentView.m in Sources */ = {isa = PBXBuildFile; fileRef = 550351722165A17300616120 /* WindowContentView.m */; };
		55035178216848E300616120 /* Security.framework in Frameworks */ = {isa = PBXBuildFile; fileRef = 55035177216848E300616120 /* Security.framework */; };
		550F240E13E3838F0026A060 /* ColorSliderCell.m in Sources */ = {isa = PBXBuildFile; fileRef = 550F240D13E3838F0026A060 /* ColorSliderCell.m */; };
		5518713F13E62E5500272170 /* Color.m in Sources */ = {isa = PBXBuildFile; fileRef = 5518713E13E62E5500272170 /* Color.m */; };
		55234B491420321E00D10B8C /* ShortcutView.m in Sources */ = {isa = PBXBuildFile; fileRef = 55234B481420321E00D10B8C /* ShortcutView.m */; };
		55234B4D1420323B00D10B8C /* Shortcut.m in Sources */ = {isa = PBXBuildFile; fileRef = 55234B4C1420323B00D10B8C /* Shortcut.m */; };
		55234B501420325A00D10B8C /* ShortcutManager.m in Sources */ = {isa = PBXBuildFile; fileRef = 55234B4F1420325A00D10B8C /* ShortcutManager.m */; };
		55234B5614203AB800D10B8C /* Carbon.framework in Frameworks */ = {isa = PBXBuildFile; fileRef = 55234B5514203AB800D10B8C /* Carbon.framework */; };
		55234B6514217C6900D10B8C /* SnippetsController.m in Sources */ = {isa = PBXBuildFile; fileRef = 55234B6414217C6900D10B8C /* SnippetsController.m */; };
		5537D76E19CFD00600DE8117 /* Assets.xcassets in Resources */ = {isa = PBXBuildFile; fileRef = 5537D76D19CFD00600DE8117 /* Assets.xcassets */; };
		5542E475256A738100942C40 /* MainMenu.xib in Resources */ = {isa = PBXBuildFile; fileRef = 5542E474256A738100942C40 /* MainMenu.xib */; };
		5542E47C256A73CB00942C40 /* MiniWindow.xib in Resources */ = {isa = PBXBuildFile; fileRef = 5542E478256A73CB00942C40 /* MiniWindow.xib */; };
		5542E47D256A73CB00942C40 /* Preferences.xib in Resources */ = {isa = PBXBuildFile; fileRef = 5542E479256A73CB00942C40 /* Preferences.xib */; };
		5542E47E256A73CB00942C40 /* Recorder.xib in Resources */ = {isa = PBXBuildFile; fileRef = 5542E47A256A73CB00942C40 /* Recorder.xib */; };
		5542E47F256A73CB00942C40 /* Snippets.xib in Resources */ = {isa = PBXBuildFile; fileRef = 5542E47B256A73CB00942C40 /* Snippets.xib */; };
		5563391A158AB033007FE0A6 /* MouseCursor.m in Sources */ = {isa = PBXBuildFile; fileRef = 55633919158AB033007FE0A6 /* MouseCursor.m */; };
		556356C0158AC929005FD42E /* Aperture.m in Sources */ = {isa = PBXBuildFile; fileRef = 556356BF158AC929005FD42E /* Aperture.m */; };
		557EFF5A158F0D6C0081CC6A /* GuideController.m in Sources */ = {isa = PBXBuildFile; fileRef = 557EFF59158F0D6C0081CC6A /* GuideController.m */; };
		558444B213D3C9CE006C6F51 /* AppDelegate.m in Sources */ = {isa = PBXBuildFile; fileRef = 558444A313D3C9CE006C6F51 /* AppDelegate.m */; };
		558444B413D3C9CE006C6F51 /* Util.m in Sources */ = {isa = PBXBuildFile; fileRef = 558444A713D3C9CE006C6F51 /* Util.m */; };
		558444B513D3C9CE006C6F51 /* main.m in Sources */ = {isa = PBXBuildFile; fileRef = 558444A813D3C9CE006C6F51 /* main.m */; };
		558444B613D3C9CE006C6F51 /* Preferences.m in Sources */ = {isa = PBXBuildFile; fileRef = 558444AA13D3C9CE006C6F51 /* Preferences.m */; };
		558444B813D3C9CE006C6F51 /* PreviewView.m in Sources */ = {isa = PBXBuildFile; fileRef = 558444AF13D3C9CE006C6F51 /* PreviewView.m */; };
		558444B913D3C9CE006C6F51 /* ResultView.m in Sources */ = {isa = PBXBuildFile; fileRef = 558444B113D3C9CE006C6F51 /* ResultView.m */; };
		558444D313D41184006C6F51 /* ApplicationServices.framework in Frameworks */ = {isa = PBXBuildFile; fileRef = 558444D213D41184006C6F51 /* ApplicationServices.framework */; };
		55BC2E201D3B7B8000B15C1A /* MiniWindowController.m in Sources */ = {isa = PBXBuildFile; fileRef = 55BC2E1F1D3B7B8000B15C1A /* MiniWindowController.m */; };
		55D569641422B01100F7B77B /* RecessedButton.m in Sources */ = {isa = PBXBuildFile; fileRef = 55D569631422B01000F7B77B /* RecessedButton.m */; };
		55E67D8413CFC3000040DFDE /* Cocoa.framework in Frameworks */ = {isa = PBXBuildFile; fileRef = 55E67D8313CFC3000040DFDE /* Cocoa.framework */; };
		55E67DC713D38E950040DFDE /* QuartzCore.framework in Frameworks */ = {isa = PBXBuildFile; fileRef = 55E67DC613D38E950040DFDE /* QuartzCore.framework */; };
		55F709C01B0021520029405B /* RecorderController.m in Sources */ = {isa = PBXBuildFile; fileRef = 55F709BF1B0021520029405B /* RecorderController.m */; };
		55FD8BCE13E2134200446286 /* PreferencesController.m in Sources */ = {isa = PBXBuildFile; fileRef = 55FD8BCD13E2134200446286 /* PreferencesController.m */; };
/* End PBXBuildFile section */

/* Begin PBXFileReference section */
		550351642164447000616120 /* CCM_Profile.xcconfig */ = {isa = PBXFileReference; fileEncoding = 4; lastKnownFileType = text.xcconfig; path = CCM_Profile.xcconfig; sourceTree = "<group>"; };
		5503516B2164583100616120 /* ScreenCapturer.h */ = {isa = PBXFileReference; lastKnownFileType = sourcecode.c.h; name = ScreenCapturer.h; path = Source/ScreenCapturer.h; sourceTree = "<group>"; };
		5503516C2164583100616120 /* ScreenCapturer.m */ = {isa = PBXFileReference; lastKnownFileType = sourcecode.c.objc; name = ScreenCapturer.m; path = Source/ScreenCapturer.m; sourceTree = "<group>"; };
		550351712165A17300616120 /* WindowContentView.h */ = {isa = PBXFileReference; lastKnownFileType = sourcecode.c.h; name = WindowContentView.h; path = Source/WindowContentView.h; sourceTree = "<group>"; };
		550351722165A17300616120 /* WindowContentView.m */ = {isa = PBXFileReference; lastKnownFileType = sourcecode.c.objc; name = WindowContentView.m; path = Source/WindowContentView.m; sourceTree = "<group>"; };
		55035177216848E300616120 /* Security.framework */ = {isa = PBXFileReference; lastKnownFileType = wrapper.framework; name = Security.framework; path = System/Library/Frameworks/Security.framework; sourceTree = SDKROOT; };
		550F240C13E3838F0026A060 /* ColorSliderCell.h */ = {isa = PBXFileReference; fileEncoding = 4; lastKnownFileType = sourcecode.c.h; name = ColorSliderCell.h; path = Source/ColorSliderCell.h; sourceTree = "<group>"; };
		550F240D13E3838F0026A060 /* ColorSliderCell.m */ = {isa = PBXFileReference; fileEncoding = 4; lastKnownFileType = sourcecode.c.objc; name = ColorSliderCell.m; path = Source/ColorSliderCell.m; sourceTree = "<group>"; };
		5518713D13E62E5500272170 /* Color.h */ = {isa = PBXFileReference; fileEncoding = 4; lastKnownFileType = sourcecode.c.h; name = Color.h; path = Source/Color.h; sourceTree = "<group>"; };
		5518713E13E62E5500272170 /* Color.m */ = {isa = PBXFileReference; fileEncoding = 4; lastKnownFileType = sourcecode.c.objc; name = Color.m; path = Source/Color.m; sourceTree = "<group>"; };
		55234B471420321E00D10B8C /* ShortcutView.h */ = {isa = PBXFileReference; fileEncoding = 4; lastKnownFileType = sourcecode.c.h; name = ShortcutView.h; path = Source/ShortcutView.h; sourceTree = "<group>"; };
		55234B481420321E00D10B8C /* ShortcutView.m */ = {isa = PBXFileReference; fileEncoding = 4; lastKnownFileType = sourcecode.c.objc; name = ShortcutView.m; path = Source/ShortcutView.m; sourceTree = "<group>"; };
		55234B4B1420323B00D10B8C /* Shortcut.h */ = {isa = PBXFileReference; fileEncoding = 4; lastKnownFileType = sourcecode.c.h; name = Shortcut.h; path = Source/Shortcut.h; sourceTree = "<group>"; };
		55234B4C1420323B00D10B8C /* Shortcut.m */ = {isa = PBXFileReference; fileEncoding = 4; lastKnownFileType = sourcecode.c.objc; name = Shortcut.m; path = Source/Shortcut.m; sourceTree = "<group>"; };
		55234B4E1420325A00D10B8C /* ShortcutManager.h */ = {isa = PBXFileReference; fileEncoding = 4; lastKnownFileType = sourcecode.c.h; name = ShortcutManager.h; path = Source/ShortcutManager.h; sourceTree = "<group>"; };
		55234B4F1420325A00D10B8C /* ShortcutManager.m */ = {isa = PBXFileReference; fileEncoding = 4; lastKnownFileType = sourcecode.c.objc; name = ShortcutManager.m; path = Source/ShortcutManager.m; sourceTree = "<group>"; };
		55234B5514203AB800D10B8C /* Carbon.framework */ = {isa = PBXFileReference; lastKnownFileType = wrapper.framework; name = Carbon.framework; path = System/Library/Frameworks/Carbon.framework; sourceTree = SDKROOT; };
		55234B6314217C6900D10B8C /* SnippetsController.h */ = {isa = PBXFileReference; fileEncoding = 4; lastKnownFileType = sourcecode.c.h; name = SnippetsController.h; path = Source/SnippetsController.h; sourceTree = "<group>"; };
		55234B6414217C6900D10B8C /* SnippetsController.m */ = {isa = PBXFileReference; fileEncoding = 4; lastKnownFileType = sourcecode.c.objc; name = SnippetsController.m; path = Source/SnippetsController.m; sourceTree = "<group>"; };
		552B411D13D4FB30000EB55C /* Types.h */ = {isa = PBXFileReference; fileEncoding = 4; lastKnownFileType = sourcecode.c.h; name = Types.h; path = Source/Types.h; sourceTree = "<group>"; };
		5537D76D19CFD00600DE8117 /* Assets.xcassets */ = {isa = PBXFileReference; lastKnownFileType = folder.assetcatalog; name = Assets.xcassets; path = Resources/Assets.xcassets; sourceTree = SOURCE_ROOT; };
		5542E474256A738100942C40 /* MainMenu.xib */ = {isa = PBXFileReference; fileEncoding = 4; lastKnownFileType = file.xib; name = MainMenu.xib; path = Resources/MainMenu.xib; sourceTree = "<group>"; };
		5542E478256A73CB00942C40 /* MiniWindow.xib */ = {isa = PBXFileReference; fileEncoding = 4; lastKnownFileType = file.xib; name = MiniWindow.xib; path = Resources/MiniWindow.xib; sourceTree = "<group>"; };
		5542E479256A73CB00942C40 /* Preferences.xib */ = {isa = PBXFileReference; fileEncoding = 4; lastKnownFileType = file.xib; name = Preferences.xib; path = Resources/Preferences.xib; sourceTree = "<group>"; };
		5542E47A256A73CB00942C40 /* Recorder.xib */ = {isa = PBXFileReference; fileEncoding = 4; lastKnownFileType = file.xib; name = Recorder.xib; path = Resources/Recorder.xib; sourceTree = "<group>"; };
		5542E47B256A73CB00942C40 /* Snippets.xib */ = {isa = PBXFileReference; fileEncoding = 4; lastKnownFileType = file.xib; name = Snippets.xib; path = Resources/Snippets.xib; sourceTree = "<group>"; };
		55633918158AB033007FE0A6 /* MouseCursor.h */ = {isa = PBXFileReference; fileEncoding = 4; lastKnownFileType = sourcecode.c.h; name = MouseCursor.h; path = Source/MouseCursor.h; sourceTree = "<group>"; };
		55633919158AB033007FE0A6 /* MouseCursor.m */ = {isa = PBXFileReference; fileEncoding = 4; lastKnownFileType = sourcecode.c.objc; name = MouseCursor.m; path = Source/MouseCursor.m; sourceTree = "<group>"; };
		556356BE158AC929005FD42E /* Aperture.h */ = {isa = PBXFileReference; fileEncoding = 4; lastKnownFileType = sourcecode.c.h; name = Aperture.h; path = Source/Aperture.h; sourceTree = "<group>"; };
		556356BF158AC929005FD42E /* Aperture.m */ = {isa = PBXFileReference; fileEncoding = 4; lastKnownFileType = sourcecode.c.objc; name = Aperture.m; path = Source/Aperture.m; sourceTree = "<group>"; };
		557EFF58158F0D6C0081CC6A /* GuideController.h */ = {isa = PBXFileReference; fileEncoding = 4; lastKnownFileType = sourcecode.c.h; name = GuideController.h; path = Source/GuideController.h; sourceTree = "<group>"; };
		557EFF59158F0D6C0081CC6A /* GuideController.m */ = {isa = PBXFileReference; fileEncoding = 4; lastKnownFileType = sourcecode.c.objc; name = GuideController.m; path = Source/GuideController.m; sourceTree = "<group>"; };
		558444A213D3C9CE006C6F51 /* AppDelegate.h */ = {isa = PBXFileReference; fileEncoding = 4; lastKnownFileType = sourcecode.c.h; name = AppDelegate.h; path = Source/AppDelegate.h; sourceTree = "<group>"; };
		558444A313D3C9CE006C6F51 /* AppDelegate.m */ = {isa = PBXFileReference; fileEncoding = 4; lastKnownFileType = sourcecode.c.objc; name = AppDelegate.m; path = Source/AppDelegate.m; sourceTree = "<group>"; };
		558444A613D3C9CE006C6F51 /* Util.h */ = {isa = PBXFileReference; fileEncoding = 4; lastKnownFileType = sourcecode.c.h; name = Util.h; path = Source/Util.h; sourceTree = "<group>"; };
		558444A713D3C9CE006C6F51 /* Util.m */ = {isa = PBXFileReference; fileEncoding = 4; lastKnownFileType = sourcecode.c.objc; name = Util.m; path = Source/Util.m; sourceTree = "<group>"; };
		558444A813D3C9CE006C6F51 /* main.m */ = {isa = PBXFileReference; fileEncoding = 4; lastKnownFileType = sourcecode.c.objc; name = main.m; path = Source/main.m; sourceTree = "<group>"; };
		558444A913D3C9CE006C6F51 /* Preferences.h */ = {isa = PBXFileReference; fileEncoding = 4; lastKnownFileType = sourcecode.c.h; name = Preferences.h; path = Source/Preferences.h; sourceTree = "<group>"; };
		558444AA13D3C9CE006C6F51 /* Preferences.m */ = {isa = PBXFileReference; fileEncoding = 4; lastKnownFileType = sourcecode.c.objc; name = Preferences.m; path = Source/Preferences.m; sourceTree = "<group>"; };
		558444AD13D3C9CE006C6F51 /* Prefix.pch */ = {isa = PBXFileReference; fileEncoding = 4; lastKnownFileType = sourcecode.c.h; name = Prefix.pch; path = Source/Prefix.pch; sourceTree = "<group>"; };
		558444AE13D3C9CE006C6F51 /* PreviewView.h */ = {isa = PBXFileReference; fileEncoding = 4; lastKnownFileType = sourcecode.c.h; name = PreviewView.h; path = Source/PreviewView.h; sourceTree = "<group>"; };
		558444AF13D3C9CE006C6F51 /* PreviewView.m */ = {isa = PBXFileReference; fileEncoding = 4; lastKnownFileType = sourcecode.c.objc; name = PreviewView.m; path = Source/PreviewView.m; sourceTree = "<group>"; };
		558444B013D3C9CE006C6F51 /* ResultView.h */ = {isa = PBXFileReference; fileEncoding = 4; lastKnownFileType = sourcecode.c.h; name = ResultView.h; path = Source/ResultView.h; sourceTree = "<group>"; };
		558444B113D3C9CE006C6F51 /* ResultView.m */ = {isa = PBXFileReference; fileEncoding = 4; lastKnownFileType = sourcecode.c.objc; name = ResultView.m; path = Source/ResultView.m; sourceTree = "<group>"; };
		558444BE13D3CA27006C6F51 /* Info.plist */ = {isa = PBXFileReference; fileEncoding = 4; lastKnownFileType = text.plist.xml; name = Info.plist; path = Resources/Info.plist; sourceTree = SOURCE_ROOT; };
		558444D213D41184006C6F51 /* ApplicationServices.framework */ = {isa = PBXFileReference; lastKnownFileType = wrapper.framework; name = ApplicationServices.framework; path = System/Library/Frameworks/ApplicationServices.framework; sourceTree = SDKROOT; };
		55BC2E1F1D3B7B8000B15C1A /* MiniWindowController.m */ = {isa = PBXFileReference; fileEncoding = 4; lastKnownFileType = sourcecode.c.objc; name = MiniWindowController.m; path = Source/MiniWindowController.m; sourceTree = "<group>"; };
		55BC2E211D3B7B8500B15C1A /* MiniWindowController.h */ = {isa = PBXFileReference; fileEncoding = 4; lastKnownFileType = sourcecode.c.h; name = MiniWindowController.h; path = Source/MiniWindowController.h; sourceTree = "<group>"; };
		55C12AAE21193C780096CBB3 /* ConfigProfile.xcconfig */ = {isa = PBXFileReference; fileEncoding = 4; lastKnownFileType = text.xcconfig; path = ConfigProfile.xcconfig; sourceTree = "<group>"; };
		55C12AAF21193C780096CBB3 /* ConfigRelease.xcconfig */ = {isa = PBXFileReference; fileEncoding = 4; lastKnownFileType = text.xcconfig; path = ConfigRelease.xcconfig; sourceTree = "<group>"; };
		55C12AC121193C780096CBB3 /* ConfigDebug.xcconfig */ = {isa = PBXFileReference; fileEncoding = 4; lastKnownFileType = text.xcconfig; path = ConfigDebug.xcconfig; sourceTree = "<group>"; };
		55C12AC221193C780096CBB3 /* TargetCCM.xcconfig */ = {isa = PBXFileReference; fileEncoding = 4; lastKnownFileType = text.xcconfig; path = TargetCCM.xcconfig; sourceTree = "<group>"; };
		55C12AC321193C780096CBB3 /* Base.xcconfig */ = {isa = PBXFileReference; fileEncoding = 4; lastKnownFileType = text.xcconfig; path = Base.xcconfig; sourceTree = "<group>"; };
		55C12AD921193D000096CBB3 /* CCM_Debug.xcconfig */ = {isa = PBXFileReference; fileEncoding = 4; lastKnownFileType = text.xcconfig; path = CCM_Debug.xcconfig; sourceTree = "<group>"; };
		55C12ADB21193D000096CBB3 /* CCM_Release.xcconfig */ = {isa = PBXFileReference; fileEncoding = 4; lastKnownFileType = text.xcconfig; path = CCM_Release.xcconfig; sourceTree = "<group>"; };
		55D569621422B01000F7B77B /* RecessedButton.h */ = {isa = PBXFileReference; fileEncoding = 4; lastKnownFileType = sourcecode.c.h; name = RecessedButton.h; path = Source/RecessedButton.h; sourceTree = "<group>"; };
		55D569631422B01000F7B77B /* RecessedButton.m */ = {isa = PBXFileReference; fileEncoding = 4; lastKnownFileType = sourcecode.c.objc; name = RecessedButton.m; path = Source/RecessedButton.m; sourceTree = "<group>"; };
		55E67D7F13CFC3000040DFDE /* Classic Color Meter.app */ = {isa = PBXFileReference; explicitFileType = wrapper.application; includeInIndex = 0; path = "Classic Color Meter.app"; sourceTree = BUILT_PRODUCTS_DIR; };
		55E67D8313CFC3000040DFDE /* Cocoa.framework */ = {isa = PBXFileReference; lastKnownFileType = wrapper.framework; name = Cocoa.framework; path = System/Library/Frameworks/Cocoa.framework; sourceTree = SDKROOT; };
		55E67D8613CFC3000040DFDE /* AppKit.framework */ = {isa = PBXFileReference; lastKnownFileType = wrapper.framework; name = AppKit.framework; path = System/Library/Frameworks/AppKit.framework; sourceTree = SDKROOT; };
		55E67D8813CFC3000040DFDE /* Foundation.framework */ = {isa = PBXFileReference; lastKnownFileType = wrapper.framework; name = Foundation.framework; path = System/Library/Frameworks/Foundation.framework; sourceTree = SDKROOT; };
		55E67DC613D38E950040DFDE /* QuartzCore.framework */ = {isa = PBXFileReference; lastKnownFileType = wrapper.framework; name = QuartzCore.framework; path = System/Library/Frameworks/QuartzCore.framework; sourceTree = SDKROOT; };
		55ECA73913D64BD000915B2A /* Classic Color Meter.entitlements */ = {isa = PBXFileReference; lastKnownFileType = text.xml; path = "Classic Color Meter.entitlements"; sourceTree = "<group>"; };
		55F709BE1B0021520029405B /* RecorderController.h */ = {isa = PBXFileReference; fileEncoding = 4; lastKnownFileType = sourcecode.c.h; name = RecorderController.h; path = Source/RecorderController.h; sourceTree = "<group>"; };
		55F709BF1B0021520029405B /* RecorderController.m */ = {isa = PBXFileReference; fileEncoding = 4; lastKnownFileType = sourcecode.c.objc; name = RecorderController.m; path = Source/RecorderController.m; sourceTree = "<group>"; };
		55FD8BCC13E2134200446286 /* PreferencesController.h */ = {isa = PBXFileReference; fileEncoding = 4; lastKnownFileType = sourcecode.c.h; name = PreferencesController.h; path = Source/PreferencesController.h; sourceTree = "<group>"; };
		55FD8BCD13E2134200446286 /* PreferencesController.m */ = {isa = PBXFileReference; fileEncoding = 4; lastKnownFileType = sourcecode.c.objc; name = PreferencesController.m; path = Source/PreferencesController.m; sourceTree = "<group>"; };
/* End PBXFileReference section */

/* Begin PBXFrameworksBuildPhase section */
		55E67D7C13CFC3000040DFDE /* Frameworks */ = {
			isa = PBXFrameworksBuildPhase;
			buildActionMask = 2147483647;
			files = (
				55035178216848E300616120 /* Security.framework in Frameworks */,
				55234B5614203AB800D10B8C /* Carbon.framework in Frameworks */,
				558444D313D41184006C6F51 /* ApplicationServices.framework in Frameworks */,
				55E67DC713D38E950040DFDE /* QuartzCore.framework in Frameworks */,
				55E67D8413CFC3000040DFDE /* Cocoa.framework in Frameworks */,
			);
			runOnlyForDeploymentPostprocessing = 0;
		};
/* End PBXFrameworksBuildPhase section */

/* Begin PBXGroup section */
		5584449E13D3C8B4006C6F51 /* Source */ = {
			isa = PBXGroup;
			children = (
				558444A813D3C9CE006C6F51 /* main.m */,
				558444AD13D3C9CE006C6F51 /* Prefix.pch */,
				558444A113D3C8F0006C6F51 /* Model */,
				5584449F13D3C8BA006C6F51 /* Views */,
				558444A013D3C8DA006C6F51 /* Controller */,
			);
			name = Source;
			sourceTree = "<group>";
		};
		5584449F13D3C8BA006C6F51 /* Views */ = {
			isa = PBXGroup;
			children = (
				550F240C13E3838F0026A060 /* ColorSliderCell.h */,
				550F240D13E3838F0026A060 /* ColorSliderCell.m */,
				558444AE13D3C9CE006C6F51 /* PreviewView.h */,
				558444AF13D3C9CE006C6F51 /* PreviewView.m */,
				558444B013D3C9CE006C6F51 /* ResultView.h */,
				558444B113D3C9CE006C6F51 /* ResultView.m */,
				55234B471420321E00D10B8C /* ShortcutView.h */,
				55234B481420321E00D10B8C /* ShortcutView.m */,
				55D569621422B01000F7B77B /* RecessedButton.h */,
				55D569631422B01000F7B77B /* RecessedButton.m */,
				550351712165A17300616120 /* WindowContentView.h */,
				550351722165A17300616120 /* WindowContentView.m */,
			);
			name = Views;
			sourceTree = "<group>";
		};
		558444A013D3C8DA006C6F51 /* Controller */ = {
			isa = PBXGroup;
			children = (
				55234B4E1420325A00D10B8C /* ShortcutManager.h */,
				55234B4F1420325A00D10B8C /* ShortcutManager.m */,
				557EFF58158F0D6C0081CC6A /* GuideController.h */,
				557EFF59158F0D6C0081CC6A /* GuideController.m */,
				558444A213D3C9CE006C6F51 /* AppDelegate.h */,
				558444A313D3C9CE006C6F51 /* AppDelegate.m */,
				55BC2E211D3B7B8500B15C1A /* MiniWindowController.h */,
				55BC2E1F1D3B7B8000B15C1A /* MiniWindowController.m */,
				55FD8BCC13E2134200446286 /* PreferencesController.h */,
				55FD8BCD13E2134200446286 /* PreferencesController.m */,
				55234B6314217C6900D10B8C /* SnippetsController.h */,
				55234B6414217C6900D10B8C /* SnippetsController.m */,
				55F709BE1B0021520029405B /* RecorderController.h */,
				55F709BF1B0021520029405B /* RecorderController.m */,
			);
			name = Controller;
			sourceTree = "<group>";
		};
		558444A113D3C8F0006C6F51 /* Model */ = {
			isa = PBXGroup;
			children = (
				552B411D13D4FB30000EB55C /* Types.h */,
				556356BE158AC929005FD42E /* Aperture.h */,
				556356BF158AC929005FD42E /* Aperture.m */,
				5518713D13E62E5500272170 /* Color.h */,
				5518713E13E62E5500272170 /* Color.m */,
				55633918158AB033007FE0A6 /* MouseCursor.h */,
				55633919158AB033007FE0A6 /* MouseCursor.m */,
				558444A913D3C9CE006C6F51 /* Preferences.h */,
				558444AA13D3C9CE006C6F51 /* Preferences.m */,
				5503516B2164583100616120 /* ScreenCapturer.h */,
				5503516C2164583100616120 /* ScreenCapturer.m */,
				55234B4B1420323B00D10B8C /* Shortcut.h */,
				55234B4C1420323B00D10B8C /* Shortcut.m */,
				558444A613D3C9CE006C6F51 /* Util.h */,
				558444A713D3C9CE006C6F51 /* Util.m */,
			);
			name = Model;
			sourceTree = "<group>";
		};
		55C12AAD21193C780096CBB3 /* Config */ = {
			isa = PBXGroup;
			children = (
				55C12AB121193C780096CBB3 /* Combined */,
				55C12AC321193C780096CBB3 /* Base.xcconfig */,
				55C12AC121193C780096CBB3 /* ConfigDebug.xcconfig */,
				55C12AAE21193C780096CBB3 /* ConfigProfile.xcconfig */,
				55C12AAF21193C780096CBB3 /* ConfigRelease.xcconfig */,
				55C12AC221193C780096CBB3 /* TargetCCM.xcconfig */,
			);
			path = Config;
			sourceTree = SOURCE_ROOT;
		};
		55C12AB121193C780096CBB3 /* Combined */ = {
			isa = PBXGroup;
			children = (
				55C12AD921193D000096CBB3 /* CCM_Debug.xcconfig */,
				550351642164447000616120 /* CCM_Profile.xcconfig */,
				55C12ADB21193D000096CBB3 /* CCM_Release.xcconfig */,
			);
			path = Combined;
			sourceTree = "<group>";
		};
		55E67D7413CFC3000040DFDE = {
			isa = PBXGroup;
			children = (
				55C12AAD21193C780096CBB3 /* Config */,
				55ECA73913D64BD000915B2A /* Classic Color Meter.entitlements */,
				5584449E13D3C8B4006C6F51 /* Source */,
				55E67D8913CFC3000040DFDE /* Resources */,
				55E67D8213CFC3000040DFDE /* Frameworks */,
				55E67D8013CFC3000040DFDE /* Products */,
			);
			sourceTree = "<group>";
		};
		55E67D8013CFC3000040DFDE /* Products */ = {
			isa = PBXGroup;
			children = (
				55E67D7F13CFC3000040DFDE /* Classic Color Meter.app */,
			);
			name = Products;
			sourceTree = "<group>";
		};
		55E67D8213CFC3000040DFDE /* Frameworks */ = {
			isa = PBXGroup;
			children = (
				55035177216848E300616120 /* Security.framework */,
				55234B5514203AB800D10B8C /* Carbon.framework */,
				558444D213D41184006C6F51 /* ApplicationServices.framework */,
				55E67DC613D38E950040DFDE /* QuartzCore.framework */,
				55E67D8313CFC3000040DFDE /* Cocoa.framework */,
				55E67D8513CFC3000040DFDE /* Other Frameworks */,
			);
			name = Frameworks;
			sourceTree = "<group>";
		};
		55E67D8513CFC3000040DFDE /* Other Frameworks */ = {
			isa = PBXGroup;
			children = (
				55E67D8613CFC3000040DFDE /* AppKit.framework */,
				55E67D8813CFC3000040DFDE /* Foundation.framework */,
			);
			name = "Other Frameworks";
			sourceTree = "<group>";
		};
		55E67D8913CFC3000040DFDE /* Resources */ = {
			isa = PBXGroup;
			children = (
				5537D76D19CFD00600DE8117 /* Assets.xcassets */,
				558444BE13D3CA27006C6F51 /* Info.plist */,
				5542E474256A738100942C40 /* MainMenu.xib */,
				5542E478256A73CB00942C40 /* MiniWindow.xib */,
				5542E479256A73CB00942C40 /* Preferences.xib */,
				5542E47A256A73CB00942C40 /* Recorder.xib */,
				5542E47B256A73CB00942C40 /* Snippets.xib */,
			);
			name = Resources;
			sourceTree = "<group>";
		};
/* End PBXGroup section */

/* Begin PBXNativeTarget section */
		55E67D7E13CFC3000040DFDE /* Classic Color Meter */ = {
			isa = PBXNativeTarget;
			buildConfigurationList = 55E67D9D13CFC3000040DFDE /* Build configuration list for PBXNativeTarget "Classic Color Meter" */;
			buildPhases = (
				552EDB851BA513FD0031CB4E /* run rcbump */,
				55E67D7B13CFC3000040DFDE /* Sources */,
				55E67D7C13CFC3000040DFDE /* Frameworks */,
				55E67D7D13CFC3000040DFDE /* Resources */,
			);
			buildRules = (
			);
			dependencies = (
			);
			name = "Classic Color Meter";
			productName = ColorMeter;
			productReference = 55E67D7F13CFC3000040DFDE /* Classic Color Meter.app */;
			productType = "com.apple.product-type.application";
		};
/* End PBXNativeTarget section */

/* Begin PBXProject section */
		55E67D7613CFC3000040DFDE /* Project object */ = {
			isa = PBXProject;
			attributes = {
				LastUpgradeCheck = 0900;
				TargetAttributes = {
					55E67D7E13CFC3000040DFDE = {
						DevelopmentTeam = XXXXXXXXXX;
						ProvisioningStyle = Automatic;
						SystemCapabilities = {
							com.apple.Sandbox = {
								enabled = 1;
							};
						};
					};
				};
			};
			buildConfigurationList = 55E67D7913CFC3000040DFDE /* Build configuration list for PBXProject "Classic Color Meter" */;
			compatibilityVersion = "Xcode 3.2";
			developmentRegion = English;
			hasScannedForEncodings = 0;
			knownRegions = (
				English,
				en,
			);
			mainGroup = 55E67D7413CFC3000040DFDE;
			productRefGroup = 55E67D8013CFC3000040DFDE /* Products */;
			projectDirPath = "";
			projectRoot = "";
			targets = (
				55E67D7E13CFC3000040DFDE /* Classic Color Meter */,
			);
		};
/* End PBXProject section */

/* Begin PBXResourcesBuildPhase section */
		55E67D7D13CFC3000040DFDE /* Resources */ = {
			isa = PBXResourcesBuildPhase;
			buildActionMask = 2147483647;
			files = (
				5542E47C256A73CB00942C40 /* MiniWindow.xib in Resources */,
				5542E47E256A73CB00942C40 /* Recorder.xib in Resources */,
				5542E47F256A73CB00942C40 /* Snippets.xib in Resources */,
				5542E475256A738100942C40 /* MainMenu.xib in Resources */,
				5537D76E19CFD00600DE8117 /* Assets.xcassets in Resources */,
				5542E47D256A73CB00942C40 /* Preferences.xib in Resources */,
			);
			runOnlyForDeploymentPostprocessing = 0;
		};
/* End PBXResourcesBuildPhase section */

/* Begin PBXShellScriptBuildPhase section */
		552EDB851BA513FD0031CB4E /* run rcbump */ = {
			isa = PBXShellScriptBuildPhase;
			buildActionMask = 2147483647;
			files = (
			);
			inputPaths = (
			);
			name = "run rcbump";
			outputPaths = (
			);
			runOnlyForDeploymentPostprocessing = 0;
			shellPath = /bin/sh;
			shellScript = "which rcbump\nif [ $? -eq 0 ]; then\n    rcbump build\n    exit $?\nfi\n";
		};
/* End PBXShellScriptBuildPhase section */

/* Begin PBXSourcesBuildPhase section */
		55E67D7B13CFC3000040DFDE /* Sources */ = {
			isa = PBXSourcesBuildPhase;
			buildActionMask = 2147483647;
			files = (
				558444B213D3C9CE006C6F51 /* AppDelegate.m in Sources */,
				558444B413D3C9CE006C6F51 /* Util.m in Sources */,
				558444B513D3C9CE006C6F51 /* main.m in Sources */,
				558444B613D3C9CE006C6F51 /* Preferences.m in Sources */,
				558444B813D3C9CE006C6F51 /* PreviewView.m in Sources */,
				558444B913D3C9CE006C6F51 /* ResultView.m in Sources */,
				55FD8BCE13E2134200446286 /* PreferencesController.m in Sources */,
				550F240E13E3838F0026A060 /* ColorSliderCell.m in Sources */,
				5518713F13E62E5500272170 /* Color.m in Sources */,
				5503516D2164583100616120 /* ScreenCapturer.m in Sources */,
				55234B491420321E00D10B8C /* ShortcutView.m in Sources */,
				55234B4D1420323B00D10B8C /* Shortcut.m in Sources */,
				55234B501420325A00D10B8C /* ShortcutManager.m in Sources */,
				550351732165A17300616120 /* WindowContentView.m in Sources */,
				55234B6514217C6900D10B8C /* SnippetsController.m in Sources */,
				55F709C01B0021520029405B /* RecorderController.m in Sources */,
				55D569641422B01100F7B77B /* RecessedButton.m in Sources */,
				5563391A158AB033007FE0A6 /* MouseCursor.m in Sources */,
				55BC2E201D3B7B8000B15C1A /* MiniWindowController.m in Sources */,
				556356C0158AC929005FD42E /* Aperture.m in Sources */,
				557EFF5A158F0D6C0081CC6A /* GuideController.m in Sources */,
			);
			runOnlyForDeploymentPostprocessing = 0;
		};
/* End PBXSourcesBuildPhase section */

/* Begin XCBuildConfiguration section */
		55035166216444B600616120 /* Profile */ = {
			isa = XCBuildConfiguration;
			buildSettings = {
				COMBINE_HIDPI_IMAGES = YES;
				CURRENT_PROJECT_VERSION = 115;
			};
			name = Profile;
		};
		55035167216444B600616120 /* Profile */ = {
			isa = XCBuildConfiguration;
			baseConfigurationReference = 550351642164447000616120 /* CCM_Profile.xcconfig */;
			buildSettings = {
				CODE_SIGN_IDENTITY = "Mac Developer";
				CODE_SIGN_STYLE = Automatic;
				DEVELOPMENT_TEAM = XXXXXXXXXX;
				ENABLE_HARDENED_RUNTIME = YES;
				PROVISIONING_PROFILE_SPECIFIER = "";
			};
			name = Profile;
		};
		55E67D9B13CFC3000040DFDE /* Debug */ = {
			isa = XCBuildConfiguration;
			buildSettings = {
				COMBINE_HIDPI_IMAGES = YES;
				CURRENT_PROJECT_VERSION = 115;
			};
			name = Debug;
		};
		55E67D9C13CFC3000040DFDE /* Release */ = {
			isa = XCBuildConfiguration;
			buildSettings = {
				COMBINE_HIDPI_IMAGES = YES;
				CURRENT_PROJECT_VERSION = 115;
			};
			name = Release;
		};
		55E67D9E13CFC3000040DFDE /* Debug */ = {
			isa = XCBuildConfiguration;
			baseConfigurationReference = 55C12AD921193D000096CBB3 /* CCM_Debug.xcconfig */;
			buildSettings = {
				CODE_SIGN_IDENTITY = "Mac Developer";
				CODE_SIGN_STYLE = Automatic;
				DEVELOPMENT_TEAM = XXXXXXXXXX;
				ENABLE_HARDENED_RUNTIME = YES;
				PROVISIONING_PROFILE_SPECIFIER = "";
			};
			name = Debug;
		};
		55E67D9F13CFC3000040DFDE /* Release */ = {
			isa = XCBuildConfiguration;
			baseConfigurationReference = 55C12ADB21193D000096CBB3 /* CCM_Release.xcconfig */;
			buildSettings = {
				CODE_SIGN_IDENTITY = "Mac Developer";
				CODE_SIGN_STYLE = Automatic;
				DEVELOPMENT_TEAM = XXXXXXXXXX;
				ENABLE_HARDENED_RUNTIME = YES;
				PROVISIONING_PROFILE_SPECIFIER = "";
			};
			name = Release;
		};
/* End XCBuildConfiguration section */

/* Begin XCConfigurationList section */
		55E67D7913CFC3000040DFDE /* Build configuration list for PBXProject "Classic Color Meter" */ = {
			isa = XCConfigurationList;
			buildConfigurations = (
				55E67D9B13CFC3000040DFDE /* Debug */,
				55035166216444B600616120 /* Profile */,
				55E67D9C13CFC3000040DFDE /* Release */,
			);
			defaultConfigurationIsVisible = 0;
			defaultConfigurationName = Release;
		};
		55E67D9D13CFC3000040DFDE /* Build configuration list for PBXNativeTarget "Classic Color Meter" */ = {
			isa = XCConfigurationList;
			buildConfigurations = (
				55E67D9E13CFC3000040DFDE /* Debug */,
				55035167216444B600616120 /* Profile */,
				55E67D9F13CFC3000040DFDE /* Release */,
			);
			defaultConfigurationIsVisible = 0;
			defaultConfigurationName = Release;
		};
/* End XCConfigurationList section */
	};
	rootObject = 55E67D7613CFC3000040DFDE /* Project object */;
}
